{
	"name": "codedox",
	"version": "1.0.2",
	"lockfileVersion": 2,
	"requires": true,
	"packages": {
		"": {
			"name": "codedox",
			"version": "1.0.2",
			"license": "ISC",
			"bin": {
				"codedox": "dist/index.js"
			},
			"devDependencies": {
				"commander": "7.1.0",
				"esbuild": "0.11.22",
				"typescript": "4.1.5"
			}
		},
		"node_modules/commander": {
			"version": "7.1.0",
			"resolved": "https://registry.npmjs.org/commander/-/commander-7.1.0.tgz",
			"integrity": "sha512-pRxBna3MJe6HKnBGsDyMv8ETbptw3axEdYHoqNh7gu5oDcew8fs0xnivZGm06Ogk8zGAJ9VX+OPEr2GXEQK4dg==",
			"dev": true,
			"engines": {
				"node": ">= 10"
			}
		},
		"node_modules/esbuild": {
			"version": "0.11.22",
			"resolved": "https://registry.npmjs.org/esbuild/-/esbuild-0.11.22.tgz",
			"integrity": "sha512-1e6BDytHzTxRlUOCe7M0+ZV5JqKARByHwz1iP5UNmxt2TEOyI8E/1gLLNCyaPjpXfCr1TThxTyFO9MjF5mFLvA==",
			"dev": true,
			"hasInstallScript": true,
			"bin": {
				"esbuild": "bin/esbuild"
			}
		},
		"node_modules/typescript": {
			"version": "4.1.5",
			"resolved": "https://registry.npmjs.org/typescript/-/typescript-4.1.5.tgz",
			"integrity": "sha512-6OSu9PTIzmn9TCDiovULTnET6BgXtDYL4Gg4szY+cGsc3JP1dQL8qvE8kShTRx1NIw4Q9IBHlwODjkjWEtMUyA==",
			"dev": true,
			"bin": {
				"tsc": "bin/tsc",
				"tsserver": "bin/tsserver"
			},
			"engines": {
				"node": ">=4.2.0"
			}
		}
	},
	"dependencies": {
		"commander": {
			"version": "7.1.0",
			"resolved": "https://registry.npmjs.org/commander/-/commander-7.1.0.tgz",
			"integrity": "sha512-pRxBna3MJe6HKnBGsDyMv8ETbptw3axEdYHoqNh7gu5oDcew8fs0xnivZGm06Ogk8zGAJ9VX+OPEr2GXEQK4dg==",
			"dev": true
		},
		"esbuild": {
			"version": "0.11.22",
			"resolved": "https://registry.npmjs.org/esbuild/-/esbuild-0.11.22.tgz",
			"integrity": "sha512-1e6BDytHzTxRlUOCe7M0+ZV5JqKARByHwz1iP5UNmxt2TEOyI8E/1gLLNCyaPjpXfCr1TThxTyFO9MjF5mFLvA==",
			"dev": true
		},
		"typescript": {
			"version": "4.1.5",
			"resolved": "https://registry.npmjs.org/typescript/-/typescript-4.1.5.tgz",
			"integrity": "sha512-6OSu9PTIzmn9TCDiovULTnET6BgXtDYL4Gg4szY+cGsc3JP1dQL8qvE8kShTRx1NIw4Q9IBHlwODjkjWEtMUyA==",
			"dev": true
		}
	}
}
